// !$*UTF8*$!
{
	archiveVersion = 1;
	classes = {
	};
	objectVersion = 50;
	objects = {

/* Begin PBXBuildFile section */
		F707C2E9214B066F00CA35BF /* AppDelegate.m in Sources */ = {isa = PBXBuildFile; fileRef = F707C2E8214B066F00CA35BF /* AppDelegate.m */; };
		F707C2EF214B066F00CA35BF /* Main.storyboard in Resources */ = {isa = PBXBuildFile; fileRef = F707C2ED214B066F00CA35BF /* Main.storyboard */; };
		F707C2F1214B067000CA35BF /* Assets.xcassets in Resources */ = {isa = PBXBuildFile; fileRef = F707C2F0214B067000CA35BF /* Assets.xcassets */; };
		F707C2F4214B067000CA35BF /* LaunchScreen.storyboard in Resources */ = {isa = PBXBuildFile; fileRef = F707C2F2214B067000CA35BF /* LaunchScreen.storyboard */; };
		F707C2F7214B067000CA35BF /* main.m in Sources */ = {isa = PBXBuildFile; fileRef = F707C2F6214B067000CA35BF /* main.m */; };
		F707C2FF214B1D0700CA35BF /* SWAPIClient.m in Sources */ = {isa = PBXBuildFile; fileRef = F707C2FE214B1D0700CA35BF /* SWAPIClient.m */; };
		F707C302214B2B2F00CA35BF /* CategoresCollectionViewController.m in Sources */ = {isa = PBXBuildFile; fileRef = F707C301214B2B2F00CA35BF /* CategoresCollectionViewController.m */; };
		F707C305214B2EF600CA35BF /* CategoryCollectionViewCell.m in Sources */ = {isa = PBXBuildFile; fileRef = F707C304214B2EF600CA35BF /* CategoryCollectionViewCell.m */; };
		F707C308214B402B00CA35BF /* EntityTableViewController.m in Sources */ = {isa = PBXBuildFile; fileRef = F707C307214B402B00CA35BF /* EntityTableViewController.m */; };
		F707C30B214B411800CA35BF /* EntityTableViewCell.m in Sources */ = {isa = PBXBuildFile; fileRef = F707C30A214B411800CA35BF /* EntityTableViewCell.m */; };
		F707C312214B457500CA35BF /* Person.m in Sources */ = {isa = PBXBuildFile; fileRef = F707C311214B457500CA35BF /* Person.m */; };
		F707C315214B5A7400CA35BF /* EntityDetailViewController.swift in Sources */ = {isa = PBXBuildFile; fileRef = F707C314214B5A7400CA35BF /* EntityDetailViewController.swift */; };
/* End PBXBuildFile section */

/* Begin PBXFileReference section */
		F707C2E4214B066F00CA35BF /* Wookieepedia.app */ = {isa = PBXFileReference; explicitFileType = wrapper.application; includeInIndex = 0; path = Wookieepedia.app; sourceTree = BUILT_PRODUCTS_DIR; };
		F707C2E7214B066F00CA35BF /* AppDelegate.h */ = {isa = PBXFileReference; lastKnownFileType = sourcecode.c.h; path = AppDelegate.h; sourceTree = "<group>"; };
		F707C2E8214B066F00CA35BF /* AppDelegate.m */ = {isa = PBXFileReference; lastKnownFileType = sourcecode.c.objc; path = AppDelegate.m; sourceTree = "<group>"; };
		F707C2EE214B066F00CA35BF /* Base */ = {isa = PBXFileReference; lastKnownFileType = file.storyboard; name = Base; path = Base.lproj/Main.storyboard; sourceTree = "<group>"; };
		F707C2F0214B067000CA35BF /* Assets.xcassets */ = {isa = PBXFileReference; lastKnownFileType = folder.assetcatalog; path = Assets.xcassets; sourceTree = "<group>"; };
		F707C2F3214B067000CA35BF /* Base */ = {isa = PBXFileReference; lastKnownFileType = file.storyboard; name = Base; path = Base.lproj/LaunchScreen.storyboard; sourceTree = "<group>"; };
		F707C2F5214B067000CA35BF /* Info.plist */ = {isa = PBXFileReference; lastKnownFileType = text.plist.xml; path = Info.plist; sourceTree = "<group>"; };
		F707C2F6214B067000CA35BF /* main.m */ = {isa = PBXFileReference; lastKnownFileType = sourcecode.c.objc; path = main.m; sourceTree = "<group>"; };
		F707C2FD214B1D0700CA35BF /* SWAPIClient.h */ = {isa = PBXFileReference; lastKnownFileType = sourcecode.c.h; path = SWAPIClient.h; sourceTree = "<group>"; };
		F707C2FE214B1D0700CA35BF /* SWAPIClient.m */ = {isa = PBXFileReference; lastKnownFileType = sourcecode.c.objc; path = SWAPIClient.m; sourceTree = "<group>"; };
		F707C300214B2B2F00CA35BF /* CategoresCollectionViewController.h */ = {isa = PBXFileReference; lastKnownFileType = sourcecode.c.h; path = CategoresCollectionViewController.h; sourceTree = "<group>"; };
		F707C301214B2B2F00CA35BF /* CategoresCollectionViewController.m */ = {isa = PBXFileReference; lastKnownFileType = sourcecode.c.objc; path = CategoresCollectionViewController.m; sourceTree = "<group>"; };
		F707C303214B2EF600CA35BF /* CategoryCollectionViewCell.h */ = {isa = PBXFileReference; lastKnownFileType = sourcecode.c.h; path = CategoryCollectionViewCell.h; sourceTree = "<group>"; };
		F707C304214B2EF600CA35BF /* CategoryCollectionViewCell.m */ = {isa = PBXFileReference; lastKnownFileType = sourcecode.c.objc; path = CategoryCollectionViewCell.m; sourceTree = "<group>"; };
		F707C306214B402B00CA35BF /* EntityTableViewController.h */ = {isa = PBXFileReference; lastKnownFileType = sourcecode.c.h; path = EntityTableViewController.h; sourceTree = "<group>"; };
		F707C307214B402B00CA35BF /* EntityTableViewController.m */ = {isa = PBXFileReference; lastKnownFileType = sourcecode.c.objc; path = EntityTableViewController.m; sourceTree = "<group>"; };
		F707C309214B411800CA35BF /* EntityTableViewCell.h */ = {isa = PBXFileReference; lastKnownFileType = sourcecode.c.h; path = EntityTableViewCell.h; sourceTree = "<group>"; };
		F707C30A214B411800CA35BF /* EntityTableViewCell.m */ = {isa = PBXFileReference; lastKnownFileType = sourcecode.c.objc; path = EntityTableViewCell.m; sourceTree = "<group>"; };
		F707C310214B457500CA35BF /* Person.h */ = {isa = PBXFileReference; lastKnownFileType = sourcecode.c.h; path = Person.h; sourceTree = "<group>"; };
		F707C311214B457500CA35BF /* Person.m */ = {isa = PBXFileReference; lastKnownFileType = sourcecode.c.objc; path = Person.m; sourceTree = "<group>"; };
		F707C313214B5A7400CA35BF /* Wookieepedia-Bridging-Header.h */ = {isa = PBXFileReference; lastKnownFileType = sourcecode.c.h; path = "Wookieepedia-Bridging-Header.h"; sourceTree = "<group>"; };
		F707C314214B5A7400CA35BF /* EntityDetailViewController.swift */ = {isa = PBXFileReference; lastKnownFileType = sourcecode.swift; path = EntityDetailViewController.swift; sourceTree = "<group>"; };
/* End PBXFileReference section */

/* Begin PBXFrameworksBuildPhase section */
		F707C2E1214B066F00CA35BF /* Frameworks */ = {
			isa = PBXFrameworksBuildPhase;
			buildActionMask = 2147483647;
			files = (
			);
			runOnlyForDeploymentPostprocessing = 0;
		};
/* End PBXFrameworksBuildPhase section */

/* Begin PBXGroup section */
		F707C2DB214B066F00CA35BF = {
			isa = PBXGroup;
			children = (
				F707C2E6214B066F00CA35BF /* Wookieepedia */,
				F707C2E5214B066F00CA35BF /* Products */,
			);
			sourceTree = "<group>";
		};
		F707C2E5214B066F00CA35BF /* Products */ = {
			isa = PBXGroup;
			children = (
				F707C2E4214B066F00CA35BF /* Wookieepedia.app */,
			);
			name = Products;
			sourceTree = "<group>";
		};
		F707C2E6214B066F00CA35BF /* Wookieepedia */ = {
			isa = PBXGroup;
			children = (
				F707C30C214B412E00CA35BF /* Resources */,
				F707C30D214B413D00CA35BF /* NetworkingClients */,
				F707C30E214B414B00CA35BF /* ViewControllers */,
				F707C30F214B415800CA35BF /* Views */,
				F707C310214B457500CA35BF /* Person.h */,
				F707C311214B457500CA35BF /* Person.m */,
			);
			path = Wookieepedia;
			sourceTree = "<group>";
		};
		F707C30C214B412E00CA35BF /* Resources */ = {
			isa = PBXGroup;
			children = (
				F707C2E7214B066F00CA35BF /* AppDelegate.h */,
				F707C2E8214B066F00CA35BF /* AppDelegate.m */,
				F707C2ED214B066F00CA35BF /* Main.storyboard */,
				F707C2F0214B067000CA35BF /* Assets.xcassets */,
				F707C2F2214B067000CA35BF /* LaunchScreen.storyboard */,
				F707C2F5214B067000CA35BF /* Info.plist */,
				F707C2F6214B067000CA35BF /* main.m */,
			);
			path = Resources;
			sourceTree = "<group>";
		};
		F707C30D214B413D00CA35BF /* NetworkingClients */ = {
			isa = PBXGroup;
			children = (
				F707C2FD214B1D0700CA35BF /* SWAPIClient.h */,
				F707C2FE214B1D0700CA35BF /* SWAPIClient.m */,
			);
			path = NetworkingClients;
			sourceTree = "<group>";
		};
		F707C30E214B414B00CA35BF /* ViewControllers */ = {
			isa = PBXGroup;
			children = (
				F707C300214B2B2F00CA35BF /* CategoresCollectionViewController.h */,
				F707C301214B2B2F00CA35BF /* CategoresCollectionViewController.m */,
				F707C306214B402B00CA35BF /* EntityTableViewController.h */,
				F707C307214B402B00CA35BF /* EntityTableViewController.m */,
				F707C314214B5A7400CA35BF /* EntityDetailViewController.swift */,
				F707C313214B5A7400CA35BF /* Wookieepedia-Bridging-Header.h */,
			);
			path = ViewControllers;
			sourceTree = "<group>";
		};
		F707C30F214B415800CA35BF /* Views */ = {
			isa = PBXGroup;
			children = (
				F707C303214B2EF600CA35BF /* CategoryCollectionViewCell.h */,
				F707C304214B2EF600CA35BF /* CategoryCollectionViewCell.m */,
				F707C309214B411800CA35BF /* EntityTableViewCell.h */,
				F707C30A214B411800CA35BF /* EntityTableViewCell.m */,
			);
			path = Views;
			sourceTree = "<group>";
		};
/* End PBXGroup section */

/* Begin PBXNativeTarget section */
		F707C2E3214B066F00CA35BF /* Wookieepedia */ = {
			isa = PBXNativeTarget;
			buildConfigurationList = F707C2FA214B067000CA35BF /* Build configuration list for PBXNativeTarget "Wookieepedia" */;
			buildPhases = (
				F707C2E0214B066F00CA35BF /* Sources */,
				F707C2E1214B066F00CA35BF /* Frameworks */,
				F707C2E2214B066F00CA35BF /* Resources */,
			);
			buildRules = (
			);
			dependencies = (
			);
			name = Wookieepedia;
			productName = Wookieepedia;
			productReference = F707C2E4214B066F00CA35BF /* Wookieepedia.app */;
			productType = "com.apple.product-type.application";
		};
/* End PBXNativeTarget section */

/* Begin PBXProject section */
		F707C2DC214B066F00CA35BF /* Project object */ = {
			isa = PBXProject;
			attributes = {
				LastUpgradeCheck = 1000;
				ORGANIZATIONNAME = trevorAdcock;
				TargetAttributes = {
					F707C2E3214B066F00CA35BF = {
						CreatedOnToolsVersion = 10.0;
						LastSwiftMigration = 1000;
					};
				};
			};
			buildConfigurationList = F707C2DF214B066F00CA35BF /* Build configuration list for PBXProject "Wookieepedia" */;
			compatibilityVersion = "Xcode 9.3";
			developmentRegion = en;
			hasScannedForEncodings = 0;
			knownRegions = (
				en,
				Base,
			);
			mainGroup = F707C2DB214B066F00CA35BF;
			productRefGroup = F707C2E5214B066F00CA35BF /* Products */;
			projectDirPath = "";
			projectRoot = "";
			targets = (
				F707C2E3214B066F00CA35BF /* Wookieepedia */,
			);
		};
/* End PBXProject section */

/* Begin PBXResourcesBuildPhase section */
		F707C2E2214B066F00CA35BF /* Resources */ = {
			isa = PBXResourcesBuildPhase;
			buildActionMask = 2147483647;
			files = (
				F707C2F4214B067000CA35BF /* LaunchScreen.storyboard in Resources */,
				F707C2F1214B067000CA35BF /* Assets.xcassets in Resources */,
				F707C2EF214B066F00CA35BF /* Main.storyboard in Resources */,
			);
			runOnlyForDeploymentPostprocessing = 0;
		};
/* End PBXResourcesBuildPhase section */

/* Begin PBXSourcesBuildPhase section */
		F707C2E0214B066F00CA35BF /* Sources */ = {
			isa = PBXSourcesBuildPhase;
			buildActionMask = 2147483647;
			files = (
				F707C315214B5A7400CA35BF /* EntityDetailViewController.swift in Sources */,
				F707C305214B2EF600CA35BF /* CategoryCollectionViewCell.m in Sources */,
				F707C30B214B411800CA35BF /* EntityTableViewCell.m in Sources */,
				F707C312214B457500CA35BF /* Person.m in Sources */,
				F707C2F7214B067000CA35BF /* main.m in Sources */,
				F707C308214B402B00CA35BF /* EntityTableViewController.m in Sources */,
				F707C2E9214B066F00CA35BF /* AppDelegate.m in Sources */,
				F707C302214B2B2F00CA35BF /* CategoresCollectionViewController.m in Sources */,
				F707C2FF214B1D0700CA35BF /* SWAPIClient.m in Sources */,
			);
			runOnlyForDeploymentPostprocessing = 0;
		};
/* End PBXSourcesBuildPhase section */

/* Begin PBXVariantGroup section */
		F707C2ED214B066F00CA35BF /* Main.storyboard */ = {
			isa = PBXVariantGroup;
			children = (
				F707C2EE214B066F00CA35BF /* Base */,
			);
			name = Main.storyboard;
			sourceTree = "<group>";
		};
		F707C2F2214B067000CA35BF /* LaunchScreen.storyboard */ = {
			isa = PBXVariantGroup;
			children = (
				F707C2F3214B067000CA35BF /* Base */,
			);
			name = LaunchScreen.storyboard;
			sourceTree = "<group>";
		};
/* End PBXVariantGroup section */

/* Begin XCBuildConfiguration section */
		F707C2F8214B067000CA35BF /* Debug */ = {
			isa = XCBuildConfiguration;
			buildSettings = {
				ALWAYS_SEARCH_USER_PATHS = NO;
				CLANG_ANALYZER_NONNULL = YES;
				CLANG_ANALYZER_NUMBER_OBJECT_CONVERSION = YES_AGGRESSIVE;
				CLANG_CXX_LANGUAGE_STANDARD = "gnu++14";
				CLANG_CXX_LIBRARY = "libc++";
				CLANG_ENABLE_MODULES = YES;
				CLANG_ENABLE_OBJC_ARC = YES;
				CLANG_ENABLE_OBJC_WEAK = YES;
				CLANG_WARN_BLOCK_CAPTURE_AUTORELEASING = YES;
				CLANG_WARN_BOOL_CONVERSION = YES;
				CLANG_WARN_COMMA = YES;
				CLANG_WARN_CONSTANT_CONVERSION = YES;
				CLANG_WARN_DEPRECATED_OBJC_IMPLEMENTATIONS = YES;
				CLANG_WARN_DIRECT_OBJC_ISA_USAGE = YES_ERROR;
				CLANG_WARN_DOCUMENTATION_COMMENTS = YES;
				CLANG_WARN_EMPTY_BODY = YES;
				CLANG_WARN_ENUM_CONVERSION = YES;
				CLANG_WARN_INFINITE_RECURSION = YES;
				CLANG_WARN_INT_CONVERSION = YES;
				CLANG_WARN_NON_LITERAL_NULL_CONVERSION = YES;
				CLANG_WARN_OBJC_IMPLICIT_RETAIN_SELF = YES;
				CLANG_WARN_OBJC_LITERAL_CONVERSION = YES;
				CLANG_WARN_OBJC_ROOT_CLASS = YES_ERROR;
				CLANG_WARN_RANGE_LOOP_ANALYSIS = YES;
				CLANG_WARN_STRICT_PROTOTYPES = YES;
				CLANG_WARN_SUSPICIOUS_MOVE = YES;
				CLANG_WARN_UNGUARDED_AVAILABILITY = YES_AGGRESSIVE;
				CLANG_WARN_UNREACHABLE_CODE = YES;
				CLANG_WARN__DUPLICATE_METHOD_MATCH = YES;
				CODE_SIGN_IDENTITY = "iPhone Developer";
				COPY_PHASE_STRIP = NO;
				DEBUG_INFORMATION_FORMAT = dwarf;
				ENABLE_STRICT_OBJC_MSGSEND = YES;
				ENABLE_TESTABILITY = YES;
				GCC_C_LANGUAGE_STANDARD = gnu11;
				GCC_DYNAMIC_NO_PIC = NO;
				GCC_NO_COMMON_BLOCKS = YES;
				GCC_OPTIMIZATION_LEVEL = 0;
				GCC_PREPROCESSOR_DEFINITIONS = (
					"DEBUG=1",
					"$(inherited)",
				);
				GCC_WARN_64_TO_32_BIT_CONVERSION = YES;
				GCC_WARN_ABOUT_RETURN_TYPE = YES_ERROR;
				GCC_WARN_UNDECLARED_SELECTOR = YES;
				GCC_WARN_UNINITIALIZED_AUTOS = YES_AGGRESSIVE;
				GCC_WARN_UNUSED_FUNCTION = YES;
				GCC_WARN_UNUSED_VARIABLE = YES;
				IPHONEOS_DEPLOYMENT_TARGET = 12.0;
				MTL_ENABLE_DEBUG_INFO = INCLUDE_SOURCE;
				MTL_FAST_MATH = YES;
				ONLY_ACTIVE_ARCH = YES;
				SDKROOT = iphoneos;
			};
			name = Debug;
		};
		F707C2F9214B067000CA35BF /* Release */ = {
			isa = XCBuildConfiguration;
			buildSettings = {
				ALWAYS_SEARCH_USER_PATHS = NO;
				CLANG_ANALYZER_NONNULL = YES;
				CLANG_ANALYZER_NUMBER_OBJECT_CONVERSION = YES_AGGRESSIVE;
				CLANG_CXX_LANGUAGE_STANDARD = "gnu++14";
				CLANG_CXX_LIBRARY = "libc++";
				CLANG_ENABLE_MODULES = YES;
				CLANG_ENABLE_OBJC_ARC = YES;
				CLANG_ENABLE_OBJC_WEAK = YES;
				CLANG_WARN_BLOCK_CAPTURE_AUTORELEASING = YES;
				CLANG_WARN_BOOL_CONVERSION = YES;
				CLANG_WARN_COMMA = YES;
				CLANG_WARN_CONSTANT_CONVERSION = YES;
				CLANG_WARN_DEPRECATED_OBJC_IMPLEMENTATIONS = YES;
				CLANG_WARN_DIRECT_OBJC_ISA_USAGE = YES_ERROR;
				CLANG_WARN_DOCUMENTATION_COMMENTS = YES;
				CLANG_WARN_EMPTY_BODY = YES;
				CLANG_WARN_ENUM_CONVERSION = YES;
				CLANG_WARN_INFINITE_RECURSION = YES;
				CLANG_WARN_INT_CONVERSION = YES;
				CLANG_WARN_NON_LITERAL_NULL_CONVERSION = YES;
				CLANG_WARN_OBJC_IMPLICIT_RETAIN_SELF = YES;
				CLANG_WARN_OBJC_LITERAL_CONVERSION = YES;
				CLANG_WARN_OBJC_ROOT_CLASS = YES_ERROR;
				CLANG_WARN_RANGE_LOOP_ANALYSIS = YES;
				CLANG_WARN_STRICT_PROTOTYPES = YES;
				CLANG_WARN_SUSPICIOUS_MOVE = YES;
				CLANG_WARN_UNGUARDED_AVAILABILITY = YES_AGGRESSIVE;
				CLANG_WARN_UNREACHABLE_CODE = YES;
				CLANG_WARN__DUPLICATE_METHOD_MATCH = YES;
				CODE_SIGN_IDENTITY = "iPhone Developer";
				COPY_PHASE_STRIP = NO;
				DEBUG_INFORMATION_FORMAT = "dwarf-with-dsym";
				ENABLE_NS_ASSERTIONS = NO;
				ENABLE_STRICT_OBJC_MSGSEND = YES;
				GCC_C_LANGUAGE_STANDARD = gnu11;
				GCC_NO_COMMON_BLOCKS = YES;
				GCC_WARN_64_TO_32_BIT_CONVERSION = YES;
				GCC_WARN_ABOUT_RETURN_TYPE = YES_ERROR;
				GCC_WARN_UNDECLARED_SELECTOR = YES;
				GCC_WARN_UNINITIALIZED_AUTOS = YES_AGGRESSIVE;
				GCC_WARN_UNUSED_FUNCTION = YES;
				GCC_WARN_UNUSED_VARIABLE = YES;
				IPHONEOS_DEPLOYMENT_TARGET = 12.0;
				MTL_ENABLE_DEBUG_INFO = NO;
				MTL_FAST_MATH = YES;
				SDKROOT = iphoneos;
				VALIDATE_PRODUCT = YES;
			};
			name = Release;
		};
		F707C2FB214B067000CA35BF /* Debug */ = {
			isa = XCBuildConfiguration;
			buildSettings = {
				ASSETCATALOG_COMPILER_APPICON_NAME = AppIcon;
				CLANG_ENABLE_MODULES = YES;
				CODE_SIGN_STYLE = Automatic;
				DEVELOPMENT_TEAM = 77U2457882;
				INFOPLIST_FILE = "$(SRCROOT)/Wookieepedia/Resources/Info.plist";
				LD_RUNPATH_SEARCH_PATHS = (
					"$(inherited)",
					"@executable_path/Frameworks",
				);
				PRODUCT_BUNDLE_IDENTIFIER = com.trevoradcock.Wookieepedia;
				PRODUCT_NAME = "$(TARGET_NAME)";
				SWIFT_OBJC_BRIDGING_HEADER = "Wookieepedia/ViewControllers/Wookieepedia-Bridging-Header.h";
				SWIFT_OPTIMIZATION_LEVEL = "-Onone";
				SWIFT_VERSION = 4.2;
				TARGETED_DEVICE_FAMILY = "1,2";
			};
			name = Debug;
		};
		F707C2FC214B067000CA35BF /* Release */ = {
			isa = XCBuildConfiguration;
			buildSettings = {
				ASSETCATALOG_COMPILER_APPICON_NAME = AppIcon;
				CLANG_ENABLE_MODULES = YES;
				CODE_SIGN_STYLE = Automatic;
				DEVELOPMENT_TEAM = 77U2457882;
				INFOPLIST_FILE = "$(SRCROOT)/Wookieepedia/Resources/Info.plist";
				LD_RUNPATH_SEARCH_PATHS = (
					"$(inherited)",
					"@executable_path/Frameworks",
				);
				PRODUCT_BUNDLE_IDENTIFIER = com.trevoradcock.Wookieepedia;
				PRODUCT_NAME = "$(TARGET_NAME)";
				SWIFT_OBJC_BRIDGING_HEADER = "Wookieepedia/ViewControllers/Wookieepedia-Bridging-Header.h";
				SWIFT_VERSION = 4.2;
				TARGETED_DEVICE_FAMILY = "1,2";
			};
			name = Release;
		};
/* End XCBuildConfiguration section */

/* Begin XCConfigurationList section */
		F707C2DF214B066F00CA35BF /* Build configuration list for PBXProject "Wookieepedia" */ = {
			isa = XCConfigurationList;
			buildConfigurations = (
				F707C2F8214B067000CA35BF /* Debug */,
				F707C2F9214B067000CA35BF /* Release */,
			);
			defaultConfigurationIsVisible = 0;
			defaultConfigurationName = Release;
		};
		F707C2FA214B067000CA35BF /* Build configuration list for PBXNativeTarget "Wookieepedia" */ = {
			isa = XCConfigurationList;
			buildConfigurations = (
				F707C2FB214B067000CA35BF /* Debug */,
				F707C2FC214B067000CA35BF /* Release */,
			);
			defaultConfigurationIsVisible = 0;
			defaultConfigurationName = Release;
		};
/* End XCConfigurationList section */
	};
	rootObject = F707C2DC214B066F00CA35BF /* Project object */;
}
